
Microsoft Visual Studio Solution File, Format Version 12.00
# Visual Studio Version 17
VisualStudioVersion = 17.4.33403.182
MinimumVisualStudioVersion = 10.0.40219.1
Project("{9A19103F-16F7-4668-BE54-9A1E7A4F7556}") = "ZumoController.WinForms", "ZumoController.WinForms\ZumoController.WinForms.csproj", "{98ED0609-6B07-4173-95DA-4CA61EDACDAB}"
EndProject
Project("{8BC9CEB8-8B4A-11D0-8D11-00A0C91BC942}") = "ZumoController.Arduino", "ZumoController.Arduino\ZumoController.Arduino.vcxproj", "{353008B8-0CBB-451D-9E8F-5A5E793CF6C0}"
EndProject
Global
	GlobalSection(SolutionConfigurationPlatforms) = preSolution
		Debug|Any CPU = Debug|Any CPU
		Debug|ARM = Debug|ARM
		Debug|ARM64 = Debug|ARM64
		Debug|x64 = Debug|x64
		Debug|x86 = Debug|x86
		Release|Any CPU = Release|Any CPU
		Release|ARM = Release|ARM
		Release|ARM64 = Release|ARM64
		Release|x64 = Release|x64
		Release|x86 = Release|x86
	EndGlobalSection
	GlobalSection(ProjectConfigurationPlatforms) = postSolution
		{98ED0609-6B07-4173-95DA-4CA61EDACDAB}.Debug|Any CPU.ActiveCfg = Debug|Any CPU
		{98ED0609-6B07-4173-95DA-4CA61EDACDAB}.Debug|Any CPU.Build.0 = Debug|Any CPU
		{98ED0609-6B07-4173-95DA-4CA61EDACDAB}.Debug|ARM.ActiveCfg = Debug|Any CPU
		{98ED0609-6B07-4173-95DA-4CA61EDACDAB}.Debug|ARM.Build.0 = Debug|Any CPU
		{98ED0609-6B07-4173-95DA-4CA61EDACDAB}.Debug|ARM64.ActiveCfg = Debug|Any CPU
		{98ED0609-6B07-4173-95DA-4CA61EDACDAB}.Debug|ARM64.Build.0 = Debug|Any CPU
		{98ED0609-6B07-4173-95DA-4CA61EDACDAB}.Debug|x64.ActiveCfg = Debug|Any CPU
		{98ED0609-6B07-4173-95DA-4CA61EDACDAB}.Debug|x64.Build.0 = Debug|Any CPU
		{98ED0609-6B07-4173-95DA-4CA61EDACDAB}.Debug|x86.ActiveCfg = Debug|Any CPU
		{98ED0609-6B07-4173-95DA-4CA61EDACDAB}.Debug|x86.Build.0 = Debug|Any CPU
		{98ED0609-6B07-4173-95DA-4CA61EDACDAB}.Release|Any CPU.ActiveCfg = Release|Any CPU
		{98ED0609-6B07-4173-95DA-4CA61EDACDAB}.Release|Any CPU.Build.0 = Release|Any CPU
		{98ED0609-6B07-4173-95DA-4CA61EDACDAB}.Release|ARM.ActiveCfg = Release|Any CPU
		{98ED0609-6B07-4173-95DA-4CA61EDACDAB}.Release|ARM.Build.0 = Release|Any CPU
		{98ED0609-6B07-4173-95DA-4CA61EDACDAB}.Release|ARM64.ActiveCfg = Release|Any CPU
		{98ED0609-6B07-4173-95DA-4CA61EDACDAB}.Release|ARM64.Build.0 = Release|Any CPU
		{98ED0609-6B07-4173-95DA-4CA61EDACDAB}.Release|x64.ActiveCfg = Release|Any CPU
		{98ED0609-6B07-4173-95DA-4CA61EDACDAB}.Release|x64.Build.0 = Release|Any CPU
		{98ED0609-6B07-4173-95DA-4CA61EDACDAB}.Release|x86.ActiveCfg = Release|Any CPU
		{98ED0609-6B07-4173-95DA-4CA61EDACDAB}.Release|x86.Build.0 = Release|Any CPU
		{353008B8-0CBB-451D-9E8F-5A5E793CF6C0}.Debug|Any CPU.ActiveCfg = Debug|x64
		{353008B8-0CBB-451D-9E8F-5A5E793CF6C0}.Debug|Any CPU.Build.0 = Debug|x64
		{353008B8-0CBB-451D-9E8F-5A5E793CF6C0}.Debug|Any CPU.Deploy.0 = Debug|x64
		{353008B8-0CBB-451D-9E8F-5A5E793CF6C0}.Debug|ARM.ActiveCfg = Debug|ARM
		{353008B8-0CBB-451D-9E8F-5A5E793CF6C0}.Debug|ARM.Build.0 = Debug|ARM
		{353008B8-0CBB-451D-9E8F-5A5E793CF6C0}.Debug|ARM.Deploy.0 = Debug|ARM
		{353008B8-0CBB-451D-9E8F-5A5E793CF6C0}.Debug|ARM64.ActiveCfg = Debug|ARM64
		{353008B8-0CBB-451D-9E8F-5A5E793CF6C0}.Debug|ARM64.Build.0 = Debug|ARM64
		{353008B8-0CBB-451D-9E8F-5A5E793CF6C0}.Debug|ARM64.Deploy.0 = Debug|ARM64
		{353008B8-0CBB-451D-9E8F-5A5E793CF6C0}.Debug|x64.ActiveCfg = Debug|x64
		{353008B8-0CBB-451D-9E8F-5A5E793CF6C0}.Debug|x64.Build.0 = Debug|x64
		{353008B8-0CBB-451D-9E8F-5A5E793CF6C0}.Debug|x64.Deploy.0 = Debug|x64
		{353008B8-0CBB-451D-9E8F-5A5E793CF6C0}.Debug|x86.ActiveCfg = Debug|x86
		{353008B8-0CBB-451D-9E8F-5A5E793CF6C0}.Debug|x86.Build.0 = Debug|x86
		{353008B8-0CBB-451D-9E8F-5A5E793CF6C0}.Debug|x86.Deploy.0 = Debug|x86
		{353008B8-0CBB-451D-9E8F-5A5E793CF6C0}.Release|Any CPU.ActiveCfg = Release|x64
		{353008B8-0CBB-451D-9E8F-5A5E793CF6C0}.Release|Any CPU.Build.0 = Release|x64
		{353008B8-0CBB-451D-9E8F-5A5E793CF6C0}.Release|Any CPU.Deploy.0 = Release|x64
		{353008B8-0CBB-451D-9E8F-5A5E793CF6C0}.Release|ARM.ActiveCfg = Release|ARM
		{353008B8-0CBB-451D-9E8F-5A5E793CF6C0}.Release|ARM.Build.0 = Release|ARM
		{353008B8-0CBB-451D-9E8F-5A5E793CF6C0}.Release|ARM.Deploy.0 = Release|ARM
		{353008B8-0CBB-451D-9E8F-5A5E793CF6C0}.Release|ARM64.ActiveCfg = Release|ARM64
		{353008B8-0CBB-451D-9E8F-5A5E793CF6C0}.Release|ARM64.Build.0 = Release|ARM64
		{353008B8-0CBB-451D-9E8F-5A5E793CF6C0}.Release|ARM64.Deploy.0 = Release|ARM64
		{353008B8-0CBB-451D-9E8F-5A5E793CF6C0}.Release|x64.ActiveCfg = Release|x64
		{353008B8-0CBB-451D-9E8F-5A5E793CF6C0}.Release|x64.Build.0 = Release|x64
		{353008B8-0CBB-451D-9E8F-5A5E793CF6C0}.Release|x64.Deploy.0 = Release|x64
		{353008B8-0CBB-451D-9E8F-5A5E793CF6C0}.Release|x86.ActiveCfg = Release|x86
		{353008B8-0CBB-451D-9E8F-5A5E793CF6C0}.Release|x86.Build.0 = Release|x86
		{353008B8-0CBB-451D-9E8F-5A5E793CF6C0}.Release|x86.Deploy.0 = Release|x86
	EndGlobalSection
	GlobalSection(SolutionProperties) = preSolution
		HideSolutionNode = FALSE
	EndGlobalSection
	GlobalSection(ExtensibilityGlobals) = postSolution
		SolutionGuid = {33C56ADE-E364-4DB2-BB3A-8155397D6E3F}
	EndGlobalSection
EndGlobal
